
Microsoft Visual Studio Solution File, Format Version 10.00
# Visual C++ Express 2008
Project("{8BC9CEB8-8B4A-11D0-8D11-00A0C91BC942}") = "app", "app.vcproj", "{CECE012A-0DC0-46CF-ACB6-46C095EE0830}"
EndProject
Global
	GlobalSection(SolutionConfigurationPlatforms) = preSolution
		Debug|Win32 = Debug|Win32
		Release|Win32 = Release|Win32
	EndGlobalSection
	GlobalSection(ProjectConfigurationPlatforms) = postSolution
		{CECE012A-0DC0-46CF-ACB6-46C095EE0830}.Debug|Win32.ActiveCfg = Debug|Win32
		{CECE012A-0DC0-46CF-ACB6-46C095EE0830}.Debug|Win32.Build.0 = Debug|Win32
		{CECE012A-0DC0-46CF-ACB6-46C095EE0830}.Release|Win32.ActiveCfg = Release|Win32
		{CECE012A-0DC0-46CF-ACB6-46C095EE0830}.Release|Win32.Build.0 = Release|Win32
	EndGlobalSection
	GlobalSection(SolutionProperties) = preSolution
		HideSolutionNode = FALSE
	EndGlobalSection
EndGlobal
